
Microsoft Visual Studio Solution File, Format Version 12.00
# Visual Studio Version 17
VisualStudioVersion = 17.5.002.0
MinimumVisualStudioVersion = 10.0.40219.1
Project("{9A19103F-16F7-4668-BE54-9A1E7A4F7556}") = "backend", "backend\backend.csproj", "{6B857578-6F0A-4140-8F9A-F5CE81A896BB}"
EndProject
Global
	GlobalSection(SolutionConfigurationPlatforms) = preSolution
		Debug|Any CPU = Debug|Any CPU
		Release|Any CPU = Release|Any CPU
	EndGlobalSection
	GlobalSection(ProjectConfigurationPlatforms) = postSolution
		{6B857578-6F0A-4140-8F9A-F5CE81A896BB}.Debug|Any CPU.ActiveCfg = Debug|Any CPU
		{6B857578-6F0A-4140-8F9A-F5CE81A896BB}.Debug|Any CPU.Build.0 = Debug|Any CPU
		{6B857578-6F0A-4140-8F9A-F5CE81A896BB}.Release|Any CPU.ActiveCfg = Release|Any CPU
		{6B857578-6F0A-4140-8F9A-F5CE81A896BB}.Release|Any CPU.Build.0 = Release|Any CPU
	EndGlobalSection
	GlobalSection(SolutionProperties) = preSolution
		HideSolutionNode = FALSE
	EndGlobalSection
	GlobalSection(ExtensibilityGlobals) = postSolution
		SolutionGuid = {8ECC6666-36E2-4145-BBAB-F90D97EBF74B}
	EndGlobalSection
EndGlobal
